// !$*UTF8*$!
{
	archiveVersion = 1;
	classes = {
	};
	objectVersion = 48;
	objects = {

/* Begin PBXBuildFile section */
		6F8B03B44F0ED8992E0F3A42 /* Pods_ReSwiftFeedSampleTests.framework in Frameworks */ = {isa = PBXBuildFile; fileRef = 77698B9136113B416FFE8A80 /* Pods_ReSwiftFeedSampleTests.framework */; };
		D254A4A2AEFEF6AC92B0C89E /* Pods_ReSwiftFeedSample.framework in Frameworks */ = {isa = PBXBuildFile; fileRef = 406C0AFB1A8AC6BA0352F182 /* Pods_ReSwiftFeedSample.framework */; };
		DC684C8820632E070062D6B4 /* AppDelegate.swift in Sources */ = {isa = PBXBuildFile; fileRef = DC684C8720632E070062D6B4 /* AppDelegate.swift */; };
		DC684C8D20632E070062D6B4 /* Main.storyboard in Resources */ = {isa = PBXBuildFile; fileRef = DC684C8B20632E070062D6B4 /* Main.storyboard */; };
		DC684C8F20632E070062D6B4 /* Assets.xcassets in Resources */ = {isa = PBXBuildFile; fileRef = DC684C8E20632E070062D6B4 /* Assets.xcassets */; };
		DC684C9220632E070062D6B4 /* LaunchScreen.storyboard in Resources */ = {isa = PBXBuildFile; fileRef = DC684C9020632E070062D6B4 /* LaunchScreen.storyboard */; };
/* End PBXBuildFile section */

/* Begin PBXContainerItemProxy section */
		DC684C9920632E080062D6B4 /* PBXContainerItemProxy */ = {
			isa = PBXContainerItemProxy;
			containerPortal = DC684C7C20632E070062D6B4 /* Project object */;
			proxyType = 1;
			remoteGlobalIDString = DC684C8320632E070062D6B4;
			remoteInfo = ReSwiftFeedSample;
		};
/* End PBXContainerItemProxy section */

/* Begin PBXFileReference section */
		014E17FD0841E0D39E673A7F /* Pods-ReSwiftFeedSample.release.xcconfig */ = {isa = PBXFileReference; includeInIndex = 1; lastKnownFileType = text.xcconfig; name = "Pods-ReSwiftFeedSample.release.xcconfig"; path = "Pods/Target Support Files/Pods-ReSwiftFeedSample/Pods-ReSwiftFeedSample.release.xcconfig"; sourceTree = "<group>"; };
		3FBD2AA18764B94AF926152F /* Pods-ReSwiftFeedSample.debug.xcconfig */ = {isa = PBXFileReference; includeInIndex = 1; lastKnownFileType = text.xcconfig; name = "Pods-ReSwiftFeedSample.debug.xcconfig"; path = "Pods/Target Support Files/Pods-ReSwiftFeedSample/Pods-ReSwiftFeedSample.debug.xcconfig"; sourceTree = "<group>"; };
		406C0AFB1A8AC6BA0352F182 /* Pods_ReSwiftFeedSample.framework */ = {isa = PBXFileReference; explicitFileType = wrapper.framework; includeInIndex = 0; path = Pods_ReSwiftFeedSample.framework; sourceTree = BUILT_PRODUCTS_DIR; };
		5AE4D1FA958DF2338A983509 /* Pods-ReSwiftFeedSampleTests.debug.xcconfig */ = {isa = PBXFileReference; includeInIndex = 1; lastKnownFileType = text.xcconfig; name = "Pods-ReSwiftFeedSampleTests.debug.xcconfig"; path = "Pods/Target Support Files/Pods-ReSwiftFeedSampleTests/Pods-ReSwiftFeedSampleTests.debug.xcconfig"; sourceTree = "<group>"; };
		77698B9136113B416FFE8A80 /* Pods_ReSwiftFeedSampleTests.framework */ = {isa = PBXFileReference; explicitFileType = wrapper.framework; includeInIndex = 0; path = Pods_ReSwiftFeedSampleTests.framework; sourceTree = BUILT_PRODUCTS_DIR; };
		B10FDE077CD0EB969F364625 /* Pods-ReSwiftFeedSampleTests.release.xcconfig */ = {isa = PBXFileReference; includeInIndex = 1; lastKnownFileType = text.xcconfig; name = "Pods-ReSwiftFeedSampleTests.release.xcconfig"; path = "Pods/Target Support Files/Pods-ReSwiftFeedSampleTests/Pods-ReSwiftFeedSampleTests.release.xcconfig"; sourceTree = "<group>"; };
		DC684C8420632E070062D6B4 /* ReSwiftFeedSample.app */ = {isa = PBXFileReference; explicitFileType = wrapper.application; includeInIndex = 0; path = ReSwiftFeedSample.app; sourceTree = BUILT_PRODUCTS_DIR; };
		DC684C8720632E070062D6B4 /* AppDelegate.swift */ = {isa = PBXFileReference; lastKnownFileType = sourcecode.swift; path = AppDelegate.swift; sourceTree = "<group>"; };
		DC684C8C20632E070062D6B4 /* Base */ = {isa = PBXFileReference; lastKnownFileType = file.storyboard; name = Base; path = Base.lproj/Main.storyboard; sourceTree = "<group>"; };
		DC684C8E20632E070062D6B4 /* Assets.xcassets */ = {isa = PBXFileReference; lastKnownFileType = folder.assetcatalog; path = Assets.xcassets; sourceTree = "<group>"; };
		DC684C9120632E070062D6B4 /* Base */ = {isa = PBXFileReference; lastKnownFileType = file.storyboard; name = Base; path = Base.lproj/LaunchScreen.storyboard; sourceTree = "<group>"; };
		DC684C9320632E070062D6B4 /* Info.plist */ = {isa = PBXFileReference; lastKnownFileType = text.plist.xml; path = Info.plist; sourceTree = "<group>"; };
		DC684C9820632E080062D6B4 /* ReSwiftFeedSampleTests.xctest */ = {isa = PBXFileReference; explicitFileType = wrapper.cfbundle; includeInIndex = 0; path = ReSwiftFeedSampleTests.xctest; sourceTree = BUILT_PRODUCTS_DIR; };
		DC684C9E20632E080062D6B4 /* Info.plist */ = {isa = PBXFileReference; lastKnownFileType = text.plist.xml; path = Info.plist; sourceTree = "<group>"; };
/* End PBXFileReference section */

/* Begin PBXFrameworksBuildPhase section */
		DC684C8120632E070062D6B4 /* Frameworks */ = {
			isa = PBXFrameworksBuildPhase;
			buildActionMask = 2147483647;
			files = (
				D254A4A2AEFEF6AC92B0C89E /* Pods_ReSwiftFeedSample.framework in Frameworks */,
			);
			runOnlyForDeploymentPostprocessing = 0;
		};
		DC684C9520632E080062D6B4 /* Frameworks */ = {
			isa = PBXFrameworksBuildPhase;
			buildActionMask = 2147483647;
			files = (
				6F8B03B44F0ED8992E0F3A42 /* Pods_ReSwiftFeedSampleTests.framework in Frameworks */,
			);
			runOnlyForDeploymentPostprocessing = 0;
		};
/* End PBXFrameworksBuildPhase section */

/* Begin PBXGroup section */
		6127BE820E2C8F72DFFF32D1 /* Frameworks */ = {
			isa = PBXGroup;
			children = (
				406C0AFB1A8AC6BA0352F182 /* Pods_ReSwiftFeedSample.framework */,
				77698B9136113B416FFE8A80 /* Pods_ReSwiftFeedSampleTests.framework */,
			);
			name = Frameworks;
			sourceTree = "<group>";
		};
		DC684C7B20632E070062D6B4 = {
			isa = PBXGroup;
			children = (
				DC684C8620632E070062D6B4 /* ReSwiftFeedSample */,
				DC684C9B20632E080062D6B4 /* ReSwiftFeedSampleTests */,
				DC684C8520632E070062D6B4 /* Products */,
				F4D42DA615EAB5E7DF7452FE /* Pods */,
				6127BE820E2C8F72DFFF32D1 /* Frameworks */,
			);
			sourceTree = "<group>";
		};
		DC684C8520632E070062D6B4 /* Products */ = {
			isa = PBXGroup;
			children = (
				DC684C8420632E070062D6B4 /* ReSwiftFeedSample.app */,
				DC684C9820632E080062D6B4 /* ReSwiftFeedSampleTests.xctest */,
			);
			name = Products;
			sourceTree = "<group>";
		};
		DC684C8620632E070062D6B4 /* ReSwiftFeedSample */ = {
			isa = PBXGroup;
			children = (
				DC684C8720632E070062D6B4 /* AppDelegate.swift */,
				DC684C8B20632E070062D6B4 /* Main.storyboard */,
				DC684C8E20632E070062D6B4 /* Assets.xcassets */,
				DC684C9020632E070062D6B4 /* LaunchScreen.storyboard */,
				DC684C9320632E070062D6B4 /* Info.plist */,
			);
			path = ReSwiftFeedSample;
			sourceTree = "<group>";
		};
		DC684C9B20632E080062D6B4 /* ReSwiftFeedSampleTests */ = {
			isa = PBXGroup;
			children = (
				DC684C9E20632E080062D6B4 /* Info.plist */,
			);
			path = ReSwiftFeedSampleTests;
			sourceTree = "<group>";
		};
		F4D42DA615EAB5E7DF7452FE /* Pods */ = {
			isa = PBXGroup;
			children = (
				3FBD2AA18764B94AF926152F /* Pods-ReSwiftFeedSample.debug.xcconfig */,
				014E17FD0841E0D39E673A7F /* Pods-ReSwiftFeedSample.release.xcconfig */,
				5AE4D1FA958DF2338A983509 /* Pods-ReSwiftFeedSampleTests.debug.xcconfig */,
				B10FDE077CD0EB969F364625 /* Pods-ReSwiftFeedSampleTests.release.xcconfig */,
			);
			name = Pods;
			sourceTree = "<group>";
		};
/* End PBXGroup section */

/* Begin PBXNativeTarget section */
		DC684C8320632E070062D6B4 /* ReSwiftFeedSample */ = {
			isa = PBXNativeTarget;
			buildConfigurationList = DC684CA120632E080062D6B4 /* Build configuration list for PBXNativeTarget "ReSwiftFeedSample" */;
			buildPhases = (
				5FF52CFA7A6C3E733C622019 /* [CP] Check Pods Manifest.lock */,
				DC684C8020632E070062D6B4 /* Sources */,
				DC684C8120632E070062D6B4 /* Frameworks */,
				DC684C8220632E070062D6B4 /* Resources */,
				7D2ADB88EA7609C54EA5946D /* [CP] Embed Pods Frameworks */,
				ABBF328E654D74723756AC27 /* [CP] Copy Pods Resources */,
			);
			buildRules = (
			);
			dependencies = (
			);
			name = ReSwiftFeedSample;
			productName = ReSwiftFeedSample;
			productReference = DC684C8420632E070062D6B4 /* ReSwiftFeedSample.app */;
			productType = "com.apple.product-type.application";
		};
		DC684C9720632E080062D6B4 /* ReSwiftFeedSampleTests */ = {
			isa = PBXNativeTarget;
			buildConfigurationList = DC684CA420632E080062D6B4 /* Build configuration list for PBXNativeTarget "ReSwiftFeedSampleTests" */;
			buildPhases = (
				4E0D55C3CCB67ED27D36B981 /* [CP] Check Pods Manifest.lock */,
				DC684C9420632E080062D6B4 /* Sources */,
				DC684C9520632E080062D6B4 /* Frameworks */,
				DC684C9620632E080062D6B4 /* Resources */,
				C73E58481F4149EFDCCDA01D /* [CP] Embed Pods Frameworks */,
				84426AE161CFB1A0B095C506 /* [CP] Copy Pods Resources */,
			);
			buildRules = (
			);
			dependencies = (
				DC684C9A20632E080062D6B4 /* PBXTargetDependency */,
			);
			name = ReSwiftFeedSampleTests;
			productName = ReSwiftFeedSampleTests;
			productReference = DC684C9820632E080062D6B4 /* ReSwiftFeedSampleTests.xctest */;
			productType = "com.apple.product-type.bundle.unit-test";
		};
/* End PBXNativeTarget section */

/* Begin PBXProject section */
		DC684C7C20632E070062D6B4 /* Project object */ = {
			isa = PBXProject;
			attributes = {
				LastSwiftUpdateCheck = 0920;
				LastUpgradeCheck = 0920;
				ORGANIZATIONNAME = "Recruit Marketing Partners Co., Ltd.";
				TargetAttributes = {
					DC684C8320632E070062D6B4 = {
						CreatedOnToolsVersion = 9.2;
						ProvisioningStyle = Automatic;
					};
					DC684C9720632E080062D6B4 = {
						CreatedOnToolsVersion = 9.2;
						ProvisioningStyle = Automatic;
						TestTargetID = DC684C8320632E070062D6B4;
					};
				};
			};
			buildConfigurationList = DC684C7F20632E070062D6B4 /* Build configuration list for PBXProject "ReSwiftFeedSample" */;
			compatibilityVersion = "Xcode 8.0";
			developmentRegion = en;
			hasScannedForEncodings = 0;
			knownRegions = (
				en,
				Base,
			);
			mainGroup = DC684C7B20632E070062D6B4;
			productRefGroup = DC684C8520632E070062D6B4 /* Products */;
			projectDirPath = "";
			projectRoot = "";
			targets = (
				DC684C8320632E070062D6B4 /* ReSwiftFeedSample */,
				DC684C9720632E080062D6B4 /* ReSwiftFeedSampleTests */,
			);
		};
/* End PBXProject section */

/* Begin PBXResourcesBuildPhase section */
		DC684C8220632E070062D6B4 /* Resources */ = {
			isa = PBXResourcesBuildPhase;
			buildActionMask = 2147483647;
			files = (
				DC684C9220632E070062D6B4 /* LaunchScreen.storyboard in Resources */,
				DC684C8F20632E070062D6B4 /* Assets.xcassets in Resources */,
				DC684C8D20632E070062D6B4 /* Main.storyboard in Resources */,
			);
			runOnlyForDeploymentPostprocessing = 0;
		};
		DC684C9620632E080062D6B4 /* Resources */ = {
			isa = PBXResourcesBuildPhase;
			buildActionMask = 2147483647;
			files = (
			);
			runOnlyForDeploymentPostprocessing = 0;
		};
/* End PBXResourcesBuildPhase section */

/* Begin PBXShellScriptBuildPhase section */
		4E0D55C3CCB67ED27D36B981 /* [CP] Check Pods Manifest.lock */ = {
			isa = PBXShellScriptBuildPhase;
			buildActionMask = 2147483647;
			files = (
			);
			inputPaths = (
				"${PODS_PODFILE_DIR_PATH}/Podfile.lock",
				"${PODS_ROOT}/Manifest.lock",
			);
			name = "[CP] Check Pods Manifest.lock";
			outputPaths = (
				"$(DERIVED_FILE_DIR)/Pods-ReSwiftFeedSampleTests-checkManifestLockResult.txt",
			);
			runOnlyForDeploymentPostprocessing = 0;
			shellPath = /bin/sh;
			shellScript = "diff \"${PODS_PODFILE_DIR_PATH}/Podfile.lock\" \"${PODS_ROOT}/Manifest.lock\" > /dev/null\nif [ $? != 0 ] ; then\n    # print error to STDERR\n    echo \"error: The sandbox is not in sync with the Podfile.lock. Run 'pod install' or update your CocoaPods installation.\" >&2\n    exit 1\nfi\n# This output is used by Xcode 'outputs' to avoid re-running this script phase.\necho \"SUCCESS\" > \"${SCRIPT_OUTPUT_FILE_0}\"\n";
			showEnvVarsInLog = 0;
		};
		5FF52CFA7A6C3E733C622019 /* [CP] Check Pods Manifest.lock */ = {
			isa = PBXShellScriptBuildPhase;
			buildActionMask = 2147483647;
			files = (
			);
			inputPaths = (
				"${PODS_PODFILE_DIR_PATH}/Podfile.lock",
				"${PODS_ROOT}/Manifest.lock",
			);
			name = "[CP] Check Pods Manifest.lock";
			outputPaths = (
				"$(DERIVED_FILE_DIR)/Pods-ReSwiftFeedSample-checkManifestLockResult.txt",
			);
			runOnlyForDeploymentPostprocessing = 0;
			shellPath = /bin/sh;
			shellScript = "diff \"${PODS_PODFILE_DIR_PATH}/Podfile.lock\" \"${PODS_ROOT}/Manifest.lock\" > /dev/null\nif [ $? != 0 ] ; then\n    # print error to STDERR\n    echo \"error: The sandbox is not in sync with the Podfile.lock. Run 'pod install' or update your CocoaPods installation.\" >&2\n    exit 1\nfi\n# This output is used by Xcode 'outputs' to avoid re-running this script phase.\necho \"SUCCESS\" > \"${SCRIPT_OUTPUT_FILE_0}\"\n";
			showEnvVarsInLog = 0;
		};
		7D2ADB88EA7609C54EA5946D /* [CP] Embed Pods Frameworks */ = {
			isa = PBXShellScriptBuildPhase;
			buildActionMask = 2147483647;
			files = (
			);
			inputPaths = (
			);
			name = "[CP] Embed Pods Frameworks";
			outputPaths = (
			);
			runOnlyForDeploymentPostprocessing = 0;
			shellPath = /bin/sh;
			shellScript = "\"${SRCROOT}/Pods/Target Support Files/Pods-ReSwiftFeedSample/Pods-ReSwiftFeedSample-frameworks.sh\"\n";
			showEnvVarsInLog = 0;
		};
		84426AE161CFB1A0B095C506 /* [CP] Copy Pods Resources */ = {
			isa = PBXShellScriptBuildPhase;
			buildActionMask = 2147483647;
			files = (
			);
			inputPaths = (
			);
			name = "[CP] Copy Pods Resources";
			outputPaths = (
			);
			runOnlyForDeploymentPostprocessing = 0;
			shellPath = /bin/sh;
			shellScript = "\"${SRCROOT}/Pods/Target Support Files/Pods-ReSwiftFeedSampleTests/Pods-ReSwiftFeedSampleTests-resources.sh\"\n";
			showEnvVarsInLog = 0;
		};
		ABBF328E654D74723756AC27 /* [CP] Copy Pods Resources */ = {
			isa = PBXShellScriptBuildPhase;
			buildActionMask = 2147483647;
			files = (
			);
			inputPaths = (
			);
			name = "[CP] Copy Pods Resources";
			outputPaths = (
			);
			runOnlyForDeploymentPostprocessing = 0;
			shellPath = /bin/sh;
			shellScript = "\"${SRCROOT}/Pods/Target Support Files/Pods-ReSwiftFeedSample/Pods-ReSwiftFeedSample-resources.sh\"\n";
			showEnvVarsInLog = 0;
		};
		C73E58481F4149EFDCCDA01D /* [CP] Embed Pods Frameworks */ = {
			isa = PBXShellScriptBuildPhase;
			buildActionMask = 2147483647;
			files = (
			);
			inputPaths = (
			);
			name = "[CP] Embed Pods Frameworks";
			outputPaths = (
			);
			runOnlyForDeploymentPostprocessing = 0;
			shellPath = /bin/sh;
			shellScript = "\"${SRCROOT}/Pods/Target Support Files/Pods-ReSwiftFeedSampleTests/Pods-ReSwiftFeedSampleTests-frameworks.sh\"\n";
			showEnvVarsInLog = 0;
		};
/* End PBXShellScriptBuildPhase section */

/* Begin PBXSourcesBuildPhase section */
		DC684C8020632E070062D6B4 /* Sources */ = {
			isa = PBXSourcesBuildPhase;
			buildActionMask = 2147483647;
			files = (
				DC684C8820632E070062D6B4 /* AppDelegate.swift in Sources */,
			);
			runOnlyForDeploymentPostprocessing = 0;
		};
		DC684C9420632E080062D6B4 /* Sources */ = {
			isa = PBXSourcesBuildPhase;
			buildActionMask = 2147483647;
			files = (
			);
			runOnlyForDeploymentPostprocessing = 0;
		};
/* End PBXSourcesBuildPhase section */

/* Begin PBXTargetDependency section */
		DC684C9A20632E080062D6B4 /* PBXTargetDependency */ = {
			isa = PBXTargetDependency;
			target = DC684C8320632E070062D6B4 /* ReSwiftFeedSample */;
			targetProxy = DC684C9920632E080062D6B4 /* PBXContainerItemProxy */;
		};
/* End PBXTargetDependency section */

/* Begin PBXVariantGroup section */
		DC684C8B20632E070062D6B4 /* Main.storyboard */ = {
			isa = PBXVariantGroup;
			children = (
				DC684C8C20632E070062D6B4 /* Base */,
			);
			name = Main.storyboard;
			sourceTree = "<group>";
		};
		DC684C9020632E070062D6B4 /* LaunchScreen.storyboard */ = {
			isa = PBXVariantGroup;
			children = (
				DC684C9120632E070062D6B4 /* Base */,
			);
			name = LaunchScreen.storyboard;
			sourceTree = "<group>";
		};
/* End PBXVariantGroup section */

/* Begin XCBuildConfiguration section */
		DC684C9F20632E080062D6B4 /* Debug */ = {
			isa = XCBuildConfiguration;
			buildSettings = {
				ALWAYS_SEARCH_USER_PATHS = NO;
				CLANG_ANALYZER_NONNULL = YES;
				CLANG_ANALYZER_NUMBER_OBJECT_CONVERSION = YES_AGGRESSIVE;
				CLANG_CXX_LANGUAGE_STANDARD = "gnu++14";
				CLANG_CXX_LIBRARY = "libc++";
				CLANG_ENABLE_MODULES = YES;
				CLANG_ENABLE_OBJC_ARC = YES;
				CLANG_WARN_BLOCK_CAPTURE_AUTORELEASING = YES;
				CLANG_WARN_BOOL_CONVERSION = YES;
				CLANG_WARN_COMMA = YES;
				CLANG_WARN_CONSTANT_CONVERSION = YES;
				CLANG_WARN_DIRECT_OBJC_ISA_USAGE = YES_ERROR;
				CLANG_WARN_DOCUMENTATION_COMMENTS = YES;
				CLANG_WARN_EMPTY_BODY = YES;
				CLANG_WARN_ENUM_CONVERSION = YES;
				CLANG_WARN_INFINITE_RECURSION = YES;
				CLANG_WARN_INT_CONVERSION = YES;
				CLANG_WARN_NON_LITERAL_NULL_CONVERSION = YES;
				CLANG_WARN_OBJC_LITERAL_CONVERSION = YES;
				CLANG_WARN_OBJC_ROOT_CLASS = YES_ERROR;
				CLANG_WARN_RANGE_LOOP_ANALYSIS = YES;
				CLANG_WARN_STRICT_PROTOTYPES = YES;
				CLANG_WARN_SUSPICIOUS_MOVE = YES;
				CLANG_WARN_UNGUARDED_AVAILABILITY = YES_AGGRESSIVE;
				CLANG_WARN_UNREACHABLE_CODE = YES;
				CLANG_WARN__DUPLICATE_METHOD_MATCH = YES;
				CODE_SIGN_IDENTITY = "iPhone Developer";
				COPY_PHASE_STRIP = NO;
				DEBUG_INFORMATION_FORMAT = dwarf;
				ENABLE_STRICT_OBJC_MSGSEND = YES;
				ENABLE_TESTABILITY = YES;
				GCC_C_LANGUAGE_STANDARD = gnu11;
				GCC_DYNAMIC_NO_PIC = NO;
				GCC_NO_COMMON_BLOCKS = YES;
				GCC_OPTIMIZATION_LEVEL = 0;
				GCC_PREPROCESSOR_DEFINITIONS = (
					"DEBUG=1",
					"$(inherited)",
				);
				GCC_WARN_64_TO_32_BIT_CONVERSION = YES;
				GCC_WARN_ABOUT_RETURN_TYPE = YES_ERROR;
				GCC_WARN_UNDECLARED_SELECTOR = YES;
				GCC_WARN_UNINITIALIZED_AUTOS = YES_AGGRESSIVE;
				GCC_WARN_UNUSED_FUNCTION = YES;
				GCC_WARN_UNUSED_VARIABLE = YES;
				IPHONEOS_DEPLOYMENT_TARGET = 10.3;
				MTL_ENABLE_DEBUG_INFO = YES;
				ONLY_ACTIVE_ARCH = YES;
				SDKROOT = iphoneos;
				SWIFT_ACTIVE_COMPILATION_CONDITIONS = DEBUG;
				SWIFT_OPTIMIZATION_LEVEL = "-Onone";
			};
			name = Debug;
		};
		DC684CA020632E080062D6B4 /* Release */ = {
			isa = XCBuildConfiguration;
			buildSettings = {
				ALWAYS_SEARCH_USER_PATHS = NO;
				CLANG_ANALYZER_NONNULL = YES;
				CLANG_ANALYZER_NUMBER_OBJECT_CONVERSION = YES_AGGRESSIVE;
				CLANG_CXX_LANGUAGE_STANDARD = "gnu++14";
				CLANG_CXX_LIBRARY = "libc++";
				CLANG_ENABLE_MODULES = YES;
				CLANG_ENABLE_OBJC_ARC = YES;
				CLANG_WARN_BLOCK_CAPTURE_AUTORELEASING = YES;
				CLANG_WARN_BOOL_CONVERSION = YES;
				CLANG_WARN_COMMA = YES;
				CLANG_WARN_CONSTANT_CONVERSION = YES;
				CLANG_WARN_DIRECT_OBJC_ISA_USAGE = YES_ERROR;
				CLANG_WARN_DOCUMENTATION_COMMENTS = YES;
				CLANG_WARN_EMPTY_BODY = YES;
				CLANG_WARN_ENUM_CONVERSION = YES;
				CLANG_WARN_INFINITE_RECURSION = YES;
				CLANG_WARN_INT_CONVERSION = YES;
				CLANG_WARN_NON_LITERAL_NULL_CONVERSION = YES;
				CLANG_WARN_OBJC_LITERAL_CONVERSION = YES;
				CLANG_WARN_OBJC_ROOT_CLASS = YES_ERROR;
				CLANG_WARN_RANGE_LOOP_ANALYSIS = YES;
				CLANG_WARN_STRICT_PROTOTYPES = YES;
				CLANG_WARN_SUSPICIOUS_MOVE = YES;
				CLANG_WARN_UNGUARDED_AVAILABILITY = YES_AGGRESSIVE;
				CLANG_WARN_UNREACHABLE_CODE = YES;
				CLANG_WARN__DUPLICATE_METHOD_MATCH = YES;
				CODE_SIGN_IDENTITY = "iPhone Developer";
				COPY_PHASE_STRIP = NO;
				DEBUG_INFORMATION_FORMAT = "dwarf-with-dsym";
				ENABLE_NS_ASSERTIONS = NO;
				ENABLE_STRICT_OBJC_MSGSEND = YES;
				GCC_C_LANGUAGE_STANDARD = gnu11;
				GCC_NO_COMMON_BLOCKS = YES;
				GCC_WARN_64_TO_32_BIT_CONVERSION = YES;
				GCC_WARN_ABOUT_RETURN_TYPE = YES_ERROR;
				GCC_WARN_UNDECLARED_SELECTOR = YES;
				GCC_WARN_UNINITIALIZED_AUTOS = YES_AGGRESSIVE;
				GCC_WARN_UNUSED_FUNCTION = YES;
				GCC_WARN_UNUSED_VARIABLE = YES;
				IPHONEOS_DEPLOYMENT_TARGET = 10.3;
				MTL_ENABLE_DEBUG_INFO = NO;
				SDKROOT = iphoneos;
				SWIFT_OPTIMIZATION_LEVEL = "-Owholemodule";
				VALIDATE_PRODUCT = YES;
			};
			name = Release;
		};
		DC684CA220632E080062D6B4 /* Debug */ = {
			isa = XCBuildConfiguration;
			baseConfigurationReference = 3FBD2AA18764B94AF926152F /* Pods-ReSwiftFeedSample.debug.xcconfig */;
			buildSettings = {
				ASSETCATALOG_COMPILER_APPICON_NAME = AppIcon;
				CODE_SIGN_STYLE = Automatic;
				INFOPLIST_FILE = ReSwiftFeedSample/Info.plist;
				LD_RUNPATH_SEARCH_PATHS = "$(inherited) @executable_path/Frameworks";
				PRODUCT_BUNDLE_IDENTIFIER = jp.yutu.ReSwiftFeedSample;
				PRODUCT_NAME = "$(TARGET_NAME)";
				SWIFT_VERSION = 4.0;
				TARGETED_DEVICE_FAMILY = "1,2";
			};
			name = Debug;
		};
		DC684CA320632E080062D6B4 /* Release */ = {
			isa = XCBuildConfiguration;
			baseConfigurationReference = 014E17FD0841E0D39E673A7F /* Pods-ReSwiftFeedSample.release.xcconfig */;
			buildSettings = {
				ASSETCATALOG_COMPILER_APPICON_NAME = AppIcon;
				CODE_SIGN_STYLE = Automatic;
				INFOPLIST_FILE = ReSwiftFeedSample/Info.plist;
				LD_RUNPATH_SEARCH_PATHS = "$(inherited) @executable_path/Frameworks";
				PRODUCT_BUNDLE_IDENTIFIER = jp.yutu.ReSwiftFeedSample;
				PRODUCT_NAME = "$(TARGET_NAME)";
				SWIFT_VERSION = 4.0;
				TARGETED_DEVICE_FAMILY = "1,2";
			};
			name = Release;
		};
		DC684CA520632E080062D6B4 /* Debug */ = {
			isa = XCBuildConfiguration;
			baseConfigurationReference = 5AE4D1FA958DF2338A983509 /* Pods-ReSwiftFeedSampleTests.debug.xcconfig */;
			buildSettings = {
				ALWAYS_EMBED_SWIFT_STANDARD_LIBRARIES = YES;
				BUNDLE_LOADER = "$(TEST_HOST)";
				CODE_SIGN_STYLE = Automatic;
				INFOPLIST_FILE = ReSwiftFeedSampleTests/Info.plist;
				LD_RUNPATH_SEARCH_PATHS = "$(inherited) @executable_path/Frameworks @loader_path/Frameworks";
				PRODUCT_BUNDLE_IDENTIFIER = jp.yutu.ReSwiftFeedSampleTests;
				PRODUCT_NAME = "$(TARGET_NAME)";
				SWIFT_VERSION = 4.0;
				TARGETED_DEVICE_FAMILY = "1,2";
				TEST_HOST = "$(BUILT_PRODUCTS_DIR)/ReSwiftFeedSample.app/ReSwiftFeedSample";
			};
			name = Debug;
		};
		DC684CA620632E080062D6B4 /* Release */ = {
			isa = XCBuildConfiguration;
			baseConfigurationReference = B10FDE077CD0EB969F364625 /* Pods-ReSwiftFeedSampleTests.release.xcconfig */;
			buildSettings = {
				ALWAYS_EMBED_SWIFT_STANDARD_LIBRARIES = YES;
				BUNDLE_LOADER = "$(TEST_HOST)";
				CODE_SIGN_STYLE = Automatic;
				INFOPLIST_FILE = ReSwiftFeedSampleTests/Info.plist;
				LD_RUNPATH_SEARCH_PATHS = "$(inherited) @executable_path/Frameworks @loader_path/Frameworks";
				PRODUCT_BUNDLE_IDENTIFIER = jp.yutu.ReSwiftFeedSampleTests;
				PRODUCT_NAME = "$(TARGET_NAME)";
				SWIFT_VERSION = 4.0;
				TARGETED_DEVICE_FAMILY = "1,2";
				TEST_HOST = "$(BUILT_PRODUCTS_DIR)/ReSwiftFeedSample.app/ReSwiftFeedSample";
			};
			name = Release;
		};
/* End XCBuildConfiguration section */

/* Begin XCConfigurationList section */
		DC684C7F20632E070062D6B4 /* Build configuration list for PBXProject "ReSwiftFeedSample" */ = {
			isa = XCConfigurationList;
			buildConfigurations = (
				DC684C9F20632E080062D6B4 /* Debug */,
				DC684CA020632E080062D6B4 /* Release */,
			);
			defaultConfigurationIsVisible = 0;
			defaultConfigurationName = Release;
		};
		DC684CA120632E080062D6B4 /* Build configuration list for PBXNativeTarget "ReSwiftFeedSample" */ = {
			isa = XCConfigurationList;
			buildConfigurations = (
				DC684CA220632E080062D6B4 /* Debug */,
				DC684CA320632E080062D6B4 /* Release */,
			);
			defaultConfigurationIsVisible = 0;
			defaultConfigurationName = Release;
		};
		DC684CA420632E080062D6B4 /* Build configuration list for PBXNativeTarget "ReSwiftFeedSampleTests" */ = {
			isa = XCConfigurationList;
			buildConfigurations = (
				DC684CA520632E080062D6B4 /* Debug */,
				DC684CA620632E080062D6B4 /* Release */,
			);
			defaultConfigurationIsVisible = 0;
			defaultConfigurationName = Release;
		};
/* End XCConfigurationList section */
	};
	rootObject = DC684C7C20632E070062D6B4 /* Project object */;
}
